
Microsoft Visual Studio Solution File, Format Version 12.00
# Visual Studio Version 16
VisualStudioVersion = 16.0.30503.244
MinimumVisualStudioVersion = 10.0.40219.1
Project("{FAE04EC0-301F-11D3-BF4B-00C04F79EFBC}") = "Poligon", "Poligon\Poligon.csproj", "{FF4B0CD2-CAAF-4CB7-AAC5-F0FA334B9E2F}"
EndProject
Global
	GlobalSection(SolutionConfigurationPlatforms) = preSolution
		Debug|Any CPU = Debug|Any CPU
		Release|Any CPU = Release|Any CPU
	EndGlobalSection
	GlobalSection(ProjectConfigurationPlatforms) = postSolution
		{FF4B0CD2-CAAF-4CB7-AAC5-F0FA334B9E2F}.Debug|Any CPU.ActiveCfg = Debug|Any CPU
		{FF4B0CD2-CAAF-4CB7-AAC5-F0FA334B9E2F}.Debug|Any CPU.Build.0 = Debug|Any CPU
		{FF4B0CD2-CAAF-4CB7-AAC5-F0FA334B9E2F}.Release|Any CPU.ActiveCfg = Release|Any CPU
		{FF4B0CD2-CAAF-4CB7-AAC5-F0FA334B9E2F}.Release|Any CPU.Build.0 = Release|Any CPU
	EndGlobalSection
	GlobalSection(SolutionProperties) = preSolution
		HideSolutionNode = FALSE
	EndGlobalSection
	GlobalSection(ExtensibilityGlobals) = postSolution
		SolutionGuid = {ABF7E263-27E4-42F4-B826-51494795F387}
	EndGlobalSection
EndGlobal
